
Microsoft Visual Studio Solution File, Format Version 12.00
# Visual Studio Version 16
VisualStudioVersion = 16.0.34931.43
MinimumVisualStudioVersion = 10.0.40219.1
Project("{FAE04EC0-301F-11D3-BF4B-00C04F79EFBC}") = "Console_App_Array_Assignment", "Console_App_Array_Assignment\Console_App_Array_Assignment.csproj", "{ABF4C281-248D-4163-BFCC-9A13F97C4D07}"
EndProject
Global
	GlobalSection(SolutionConfigurationPlatforms) = preSolution
		Debug|Any CPU = Debug|Any CPU
		Release|Any CPU = Release|Any CPU
	EndGlobalSection
	GlobalSection(ProjectConfigurationPlatforms) = postSolution
		{ABF4C281-248D-4163-BFCC-9A13F97C4D07}.Debug|Any CPU.ActiveCfg = Debug|Any CPU
		{ABF4C281-248D-4163-BFCC-9A13F97C4D07}.Debug|Any CPU.Build.0 = Debug|Any CPU
		{ABF4C281-248D-4163-BFCC-9A13F97C4D07}.Release|Any CPU.ActiveCfg = Release|Any CPU
		{ABF4C281-248D-4163-BFCC-9A13F97C4D07}.Release|Any CPU.Build.0 = Release|Any CPU
	EndGlobalSection
	GlobalSection(SolutionProperties) = preSolution
		HideSolutionNode = FALSE
	EndGlobalSection
	GlobalSection(ExtensibilityGlobals) = postSolution
		SolutionGuid = {B7E81052-4710-407D-9622-FC1F568BC1C9}
	EndGlobalSection
EndGlobal
