
Microsoft Visual Studio Solution File, Format Version 12.00
# Visual Studio Version 16
VisualStudioVersion = 16.0.34931.43
MinimumVisualStudioVersion = 10.0.40219.1
Project("{FAE04EC0-301F-11D3-BF4B-00C04F79EFBC}") = "ASP.NET_MVC_Entity_Framework_Assignment_Part 3", "ASP.NET_MVC_Entity_Framework_Assignment_Part 3\ASP.NET_MVC_Entity_Framework_Assignment_Part 3.csproj", "{66FAA70B-AB1E-4C42-9BB5-49AB58B019F2}"
EndProject
Global
	GlobalSection(SolutionConfigurationPlatforms) = preSolution
		Debug|Any CPU = Debug|Any CPU
		Release|Any CPU = Release|Any CPU
	EndGlobalSection
	GlobalSection(ProjectConfigurationPlatforms) = postSolution
		{66FAA70B-AB1E-4C42-9BB5-49AB58B019F2}.Debug|Any CPU.ActiveCfg = Debug|Any CPU
		{66FAA70B-AB1E-4C42-9BB5-49AB58B019F2}.Debug|Any CPU.Build.0 = Debug|Any CPU
		{66FAA70B-AB1E-4C42-9BB5-49AB58B019F2}.Release|Any CPU.ActiveCfg = Release|Any CPU
		{66FAA70B-AB1E-4C42-9BB5-49AB58B019F2}.Release|Any CPU.Build.0 = Release|Any CPU
	EndGlobalSection
	GlobalSection(SolutionProperties) = preSolution
		HideSolutionNode = FALSE
	EndGlobalSection
	GlobalSection(ExtensibilityGlobals) = postSolution
		SolutionGuid = {C1DAE21D-0EBD-4F05-9C38-0A3D481A033D}
	EndGlobalSection
EndGlobal
