
Microsoft Visual Studio Solution File, Format Version 12.00
# Visual Studio Version 16
VisualStudioVersion = 16.0.34931.43
MinimumVisualStudioVersion = 10.0.40219.1
Project("{FAE04EC0-301F-11D3-BF4B-00C04F79EFBC}") = "Boolean_Logic_Assignment", "Boolean_Logic_Assignment\Boolean_Logic_Assignment.csproj", "{D3453FCC-EA6B-433B-8E29-9305FA9F4A49}"
EndProject
Global
	GlobalSection(SolutionConfigurationPlatforms) = preSolution
		Debug|Any CPU = Debug|Any CPU
		Release|Any CPU = Release|Any CPU
	EndGlobalSection
	GlobalSection(ProjectConfigurationPlatforms) = postSolution
		{D3453FCC-EA6B-433B-8E29-9305FA9F4A49}.Debug|Any CPU.ActiveCfg = Debug|Any CPU
		{D3453FCC-EA6B-433B-8E29-9305FA9F4A49}.Debug|Any CPU.Build.0 = Debug|Any CPU
		{D3453FCC-EA6B-433B-8E29-9305FA9F4A49}.Release|Any CPU.ActiveCfg = Release|Any CPU
		{D3453FCC-EA6B-433B-8E29-9305FA9F4A49}.Release|Any CPU.Build.0 = Release|Any CPU
	EndGlobalSection
	GlobalSection(SolutionProperties) = preSolution
		HideSolutionNode = FALSE
	EndGlobalSection
	GlobalSection(ExtensibilityGlobals) = postSolution
		SolutionGuid = {147F218E-217E-4939-B5D3-1B4DAD86B86B}
	EndGlobalSection
EndGlobal
