
Microsoft Visual Studio Solution File, Format Version 12.00
# Visual Studio Version 16
VisualStudioVersion = 16.0.34931.43
MinimumVisualStudioVersion = 10.0.40219.1
Project("{FAE04EC0-301F-11D3-BF4B-00C04F79EFBC}") = "Datetime_Assignment", "Datetime_Assignment\Datetime_Assignment.csproj", "{26FB852A-5082-4779-B976-731C9967B28B}"
EndProject
Global
	GlobalSection(SolutionConfigurationPlatforms) = preSolution
		Debug|Any CPU = Debug|Any CPU
		Release|Any CPU = Release|Any CPU
	EndGlobalSection
	GlobalSection(ProjectConfigurationPlatforms) = postSolution
		{26FB852A-5082-4779-B976-731C9967B28B}.Debug|Any CPU.ActiveCfg = Debug|Any CPU
		{26FB852A-5082-4779-B976-731C9967B28B}.Debug|Any CPU.Build.0 = Debug|Any CPU
		{26FB852A-5082-4779-B976-731C9967B28B}.Release|Any CPU.ActiveCfg = Release|Any CPU
		{26FB852A-5082-4779-B976-731C9967B28B}.Release|Any CPU.Build.0 = Release|Any CPU
	EndGlobalSection
	GlobalSection(SolutionProperties) = preSolution
		HideSolutionNode = FALSE
	EndGlobalSection
	GlobalSection(ExtensibilityGlobals) = postSolution
		SolutionGuid = {044370EE-6612-4A44-BCB0-A7AB43264C61}
	EndGlobalSection
EndGlobal
